// !$*UTF8*$!
{
	archiveVersion = 1;
	classes = {
	};
	objectVersion = 55;
	objects = {

/* Begin PBXBuildFile section */
		4817A9DA287532EC009766E7 /* UIColor-Extention.swift in Sources */ = {isa = PBXBuildFile; fileRef = 4817A9D9287532EC009766E7 /* UIColor-Extention.swift */; };
		4817A9DC2875A6DF009766E7 /* GoogleService-Info.plist in Resources */ = {isa = PBXBuildFile; fileRef = 4817A9DB2875A6DF009766E7 /* GoogleService-Info.plist */; };
		4817A9DF2875A828009766E7 /* FirebaseAnalytics in Frameworks */ = {isa = PBXBuildFile; productRef = 4817A9DE2875A828009766E7 /* FirebaseAnalytics */; };
		4817A9E22875ADCD009766E7 /* FirebaseAuth in Frameworks */ = {isa = PBXBuildFile; productRef = 4817A9E12875ADCD009766E7 /* FirebaseAuth */; };
		4817A9E52875AE38009766E7 /* FirebaseFirestore in Frameworks */ = {isa = PBXBuildFile; productRef = 4817A9E42875AE38009766E7 /* FirebaseFirestore */; };
		48FE329B2874F6BB004B724E /* AppDelegate.swift in Sources */ = {isa = PBXBuildFile; fileRef = 48FE329A2874F6BB004B724E /* AppDelegate.swift */; };
		48FE329D2874F6BB004B724E /* SceneDelegate.swift in Sources */ = {isa = PBXBuildFile; fileRef = 48FE329C2874F6BB004B724E /* SceneDelegate.swift */; };
		48FE329F2874F6BB004B724E /* ViewController.swift in Sources */ = {isa = PBXBuildFile; fileRef = 48FE329E2874F6BB004B724E /* ViewController.swift */; };
		48FE32A22874F6BB004B724E /* Main.storyboard in Resources */ = {isa = PBXBuildFile; fileRef = 48FE32A02874F6BB004B724E /* Main.storyboard */; };
		48FE32A42874F6BE004B724E /* Assets.xcassets in Resources */ = {isa = PBXBuildFile; fileRef = 48FE32A32874F6BE004B724E /* Assets.xcassets */; };
		48FE32A72874F6BE004B724E /* LaunchScreen.storyboard in Resources */ = {isa = PBXBuildFile; fileRef = 48FE32A52874F6BE004B724E /* LaunchScreen.storyboard */; };
/* End PBXBuildFile section */

/* Begin PBXFileReference section */
		4817A9D9287532EC009766E7 /* UIColor-Extention.swift */ = {isa = PBXFileReference; fileEncoding = 4; lastKnownFileType = sourcecode.swift; path = "UIColor-Extention.swift"; sourceTree = "<group>"; };
		4817A9DB2875A6DF009766E7 /* GoogleService-Info.plist */ = {isa = PBXFileReference; fileEncoding = 4; lastKnownFileType = text.plist.xml; name = "GoogleService-Info.plist"; path = "../../../Downloads/GoogleService-Info.plist"; sourceTree = "<group>"; };
		48FE32972874F6BB004B724E /* LoginWithFirebaseApp.app */ = {isa = PBXFileReference; explicitFileType = wrapper.application; includeInIndex = 0; path = LoginWithFirebaseApp.app; sourceTree = BUILT_PRODUCTS_DIR; };
		48FE329A2874F6BB004B724E /* AppDelegate.swift */ = {isa = PBXFileReference; lastKnownFileType = sourcecode.swift; path = AppDelegate.swift; sourceTree = "<group>"; };
		48FE329C2874F6BB004B724E /* SceneDelegate.swift */ = {isa = PBXFileReference; lastKnownFileType = sourcecode.swift; path = SceneDelegate.swift; sourceTree = "<group>"; };
		48FE329E2874F6BB004B724E /* ViewController.swift */ = {isa = PBXFileReference; lastKnownFileType = sourcecode.swift; path = ViewController.swift; sourceTree = "<group>"; };
		48FE32A12874F6BB004B724E /* Base */ = {isa = PBXFileReference; lastKnownFileType = file.storyboard; name = Base; path = Base.lproj/Main.storyboard; sourceTree = "<group>"; };
		48FE32A32874F6BE004B724E /* Assets.xcassets */ = {isa = PBXFileReference; lastKnownFileType = folder.assetcatalog; path = Assets.xcassets; sourceTree = "<group>"; };
		48FE32A62874F6BE004B724E /* Base */ = {isa = PBXFileReference; lastKnownFileType = file.storyboard; name = Base; path = Base.lproj/LaunchScreen.storyboard; sourceTree = "<group>"; };
		48FE32A82874F6BE004B724E /* Info.plist */ = {isa = PBXFileReference; lastKnownFileType = text.plist.xml; path = Info.plist; sourceTree = "<group>"; };
/* End PBXFileReference section */

/* Begin PBXFrameworksBuildPhase section */
		48FE32942874F6BB004B724E /* Frameworks */ = {
			isa = PBXFrameworksBuildPhase;
			buildActionMask = 2147483647;
			files = (
				4817A9DF2875A828009766E7 /* FirebaseAnalytics in Frameworks */,
				4817A9E22875ADCD009766E7 /* FirebaseAuth in Frameworks */,
				4817A9E52875AE38009766E7 /* FirebaseFirestore in Frameworks */,
			);
			runOnlyForDeploymentPostprocessing = 0;
		};
/* End PBXFrameworksBuildPhase section */

/* Begin PBXGroup section */
		48FE328E2874F6BB004B724E = {
			isa = PBXGroup;
			children = (
				48FE32992874F6BB004B724E /* LoginWithFirebaseApp */,
				48FE32982874F6BB004B724E /* Products */,
			);
			sourceTree = "<group>";
		};
		48FE32982874F6BB004B724E /* Products */ = {
			isa = PBXGroup;
			children = (
				48FE32972874F6BB004B724E /* LoginWithFirebaseApp.app */,
			);
			name = Products;
			sourceTree = "<group>";
		};
		48FE32992874F6BB004B724E /* LoginWithFirebaseApp */ = {
			isa = PBXGroup;
			children = (
				48FE329A2874F6BB004B724E /* AppDelegate.swift */,
				4817A9D9287532EC009766E7 /* UIColor-Extention.swift */,
				48FE329C2874F6BB004B724E /* SceneDelegate.swift */,
				48FE329E2874F6BB004B724E /* ViewController.swift */,
				48FE32A02874F6BB004B724E /* Main.storyboard */,
				4817A9DB2875A6DF009766E7 /* GoogleService-Info.plist */,
				48FE32A32874F6BE004B724E /* Assets.xcassets */,
				48FE32A52874F6BE004B724E /* LaunchScreen.storyboard */,
				48FE32A82874F6BE004B724E /* Info.plist */,
			);
			path = LoginWithFirebaseApp;
			sourceTree = "<group>";
		};
/* End PBXGroup section */

/* Begin PBXNativeTarget section */
		48FE32962874F6BB004B724E /* LoginWithFirebaseApp */ = {
			isa = PBXNativeTarget;
			buildConfigurationList = 48FE32AB2874F6BE004B724E /* Build configuration list for PBXNativeTarget "LoginWithFirebaseApp" */;
			buildPhases = (
				48FE32932874F6BB004B724E /* Sources */,
				48FE32942874F6BB004B724E /* Frameworks */,
				48FE32952874F6BB004B724E /* Resources */,
			);
			buildRules = (
			);
			dependencies = (
			);
			name = LoginWithFirebaseApp;
			packageProductDependencies = (
				4817A9DE2875A828009766E7 /* FirebaseAnalytics */,
				4817A9E12875ADCD009766E7 /* FirebaseAuth */,
				4817A9E42875AE38009766E7 /* FirebaseFirestore */,
			);
			productName = LoginWithFirebaseApp;
			productReference = 48FE32972874F6BB004B724E /* LoginWithFirebaseApp.app */;
			productType = "com.apple.product-type.application";
		};
/* End PBXNativeTarget section */

/* Begin PBXProject section */
		48FE328F2874F6BB004B724E /* Project object */ = {
			isa = PBXProject;
			attributes = {
				BuildIndependentTargetsInParallel = 1;
				LastSwiftUpdateCheck = 1340;
				LastUpgradeCheck = 1340;
				TargetAttributes = {
					48FE32962874F6BB004B724E = {
						CreatedOnToolsVersion = 13.4.1;
					};
				};
			};
			buildConfigurationList = 48FE32922874F6BB004B724E /* Build configuration list for PBXProject "LoginWithFirebaseApp" */;
			compatibilityVersion = "Xcode 13.0";
			developmentRegion = en;
			hasScannedForEncodings = 0;
			knownRegions = (
				en,
				Base,
			);
			mainGroup = 48FE328E2874F6BB004B724E;
			packageReferences = (
				4817A9DD2875A828009766E7 /* XCRemoteSwiftPackageReference "firebase-ios-sdk" */,
				4817A9E02875ADCD009766E7 /* XCRemoteSwiftPackageReference "firebase-ios-sdk" */,
				4817A9E32875AE38009766E7 /* XCRemoteSwiftPackageReference "firebase-ios-sdk" */,
			);
			productRefGroup = 48FE32982874F6BB004B724E /* Products */;
			projectDirPath = "";
			projectRoot = "";
			targets = (
				48FE32962874F6BB004B724E /* LoginWithFirebaseApp */,
			);
		};
/* End PBXProject section */

/* Begin PBXResourcesBuildPhase section */
		48FE32952874F6BB004B724E /* Resources */ = {
			isa = PBXResourcesBuildPhase;
			buildActionMask = 2147483647;
			files = (
				48FE32A72874F6BE004B724E /* LaunchScreen.storyboard in Resources */,
				4817A9DC2875A6DF009766E7 /* GoogleService-Info.plist in Resources */,
				48FE32A42874F6BE004B724E /* Assets.xcassets in Resources */,
				48FE32A22874F6BB004B724E /* Main.storyboard in Resources */,
			);
			runOnlyForDeploymentPostprocessing = 0;
		};
/* End PBXResourcesBuildPhase section */

/* Begin PBXSourcesBuildPhase section */
		48FE32932874F6BB004B724E /* Sources */ = {
			isa = PBXSourcesBuildPhase;
			buildActionMask = 2147483647;
			files = (
				48FE329F2874F6BB004B724E /* ViewController.swift in Sources */,
				48FE329B2874F6BB004B724E /* AppDelegate.swift in Sources */,
				4817A9DA287532EC009766E7 /* UIColor-Extention.swift in Sources */,
				48FE329D2874F6BB004B724E /* SceneDelegate.swift in Sources */,
			);
			runOnlyForDeploymentPostprocessing = 0;
		};
/* End PBXSourcesBuildPhase section */

/* Begin PBXVariantGroup section */
		48FE32A02874F6BB004B724E /* Main.storyboard */ = {
			isa = PBXVariantGroup;
			children = (
				48FE32A12874F6BB004B724E /* Base */,
			);
			name = Main.storyboard;
			sourceTree = "<group>";
		};
		48FE32A52874F6BE004B724E /* LaunchScreen.storyboard */ = {
			isa = PBXVariantGroup;
			children = (
				48FE32A62874F6BE004B724E /* Base */,
			);
			name = LaunchScreen.storyboard;
			sourceTree = "<group>";
		};
/* End PBXVariantGroup section */

/* Begin XCBuildConfiguration section */
		48FE32A92874F6BE004B724E /* Debug */ = {
			isa = XCBuildConfiguration;
			buildSettings = {
				ALWAYS_SEARCH_USER_PATHS = NO;
				CLANG_ANALYZER_NONNULL = YES;
				CLANG_ANALYZER_NUMBER_OBJECT_CONVERSION = YES_AGGRESSIVE;
				CLANG_CXX_LANGUAGE_STANDARD = "gnu++17";
				CLANG_ENABLE_MODULES = YES;
				CLANG_ENABLE_OBJC_ARC = YES;
				CLANG_ENABLE_OBJC_WEAK = YES;
				CLANG_WARN_BLOCK_CAPTURE_AUTORELEASING = YES;
				CLANG_WARN_BOOL_CONVERSION = YES;
				CLANG_WARN_COMMA = YES;
				CLANG_WARN_CONSTANT_CONVERSION = YES;
				CLANG_WARN_DEPRECATED_OBJC_IMPLEMENTATIONS = YES;
				CLANG_WARN_DIRECT_OBJC_ISA_USAGE = YES_ERROR;
				CLANG_WARN_DOCUMENTATION_COMMENTS = YES;
				CLANG_WARN_EMPTY_BODY = YES;
				CLANG_WARN_ENUM_CONVERSION = YES;
				CLANG_WARN_INFINITE_RECURSION = YES;
				CLANG_WARN_INT_CONVERSION = YES;
				CLANG_WARN_NON_LITERAL_NULL_CONVERSION = YES;
				CLANG_WARN_OBJC_IMPLICIT_RETAIN_SELF = YES;
				CLANG_WARN_OBJC_LITERAL_CONVERSION = YES;
				CLANG_WARN_OBJC_ROOT_CLASS = YES_ERROR;
				CLANG_WARN_QUOTED_INCLUDE_IN_FRAMEWORK_HEADER = YES;
				CLANG_WARN_RANGE_LOOP_ANALYSIS = YES;
				CLANG_WARN_STRICT_PROTOTYPES = YES;
				CLANG_WARN_SUSPICIOUS_MOVE = YES;
				CLANG_WARN_UNGUARDED_AVAILABILITY = YES_AGGRESSIVE;
				CLANG_WARN_UNREACHABLE_CODE = YES;
				CLANG_WARN__DUPLICATE_METHOD_MATCH = YES;
				COPY_PHASE_STRIP = NO;
				DEBUG_INFORMATION_FORMAT = dwarf;
				ENABLE_STRICT_OBJC_MSGSEND = YES;
				ENABLE_TESTABILITY = YES;
				GCC_C_LANGUAGE_STANDARD = gnu11;
				GCC_DYNAMIC_NO_PIC = NO;
				GCC_NO_COMMON_BLOCKS = YES;
				GCC_OPTIMIZATION_LEVEL = 0;
				GCC_PREPROCESSOR_DEFINITIONS = (
					"DEBUG=1",
					"$(inherited)",
				);
				GCC_WARN_64_TO_32_BIT_CONVERSION = YES;
				GCC_WARN_ABOUT_RETURN_TYPE = YES_ERROR;
				GCC_WARN_UNDECLARED_SELECTOR = YES;
				GCC_WARN_UNINITIALIZED_AUTOS = YES_AGGRESSIVE;
				GCC_WARN_UNUSED_FUNCTION = YES;
				GCC_WARN_UNUSED_VARIABLE = YES;
				IPHONEOS_DEPLOYMENT_TARGET = 15.5;
				MTL_ENABLE_DEBUG_INFO = INCLUDE_SOURCE;
				MTL_FAST_MATH = YES;
				ONLY_ACTIVE_ARCH = YES;
				SDKROOT = iphoneos;
				SWIFT_ACTIVE_COMPILATION_CONDITIONS = DEBUG;
				SWIFT_OPTIMIZATION_LEVEL = "-Onone";
			};
			name = Debug;
		};
		48FE32AA2874F6BE004B724E /* Release */ = {
			isa = XCBuildConfiguration;
			buildSettings = {
				ALWAYS_SEARCH_USER_PATHS = NO;
				CLANG_ANALYZER_NONNULL = YES;
				CLANG_ANALYZER_NUMBER_OBJECT_CONVERSION = YES_AGGRESSIVE;
				CLANG_CXX_LANGUAGE_STANDARD = "gnu++17";
				CLANG_ENABLE_MODULES = YES;
				CLANG_ENABLE_OBJC_ARC = YES;
				CLANG_ENABLE_OBJC_WEAK = YES;
				CLANG_WARN_BLOCK_CAPTURE_AUTORELEASING = YES;
				CLANG_WARN_BOOL_CONVERSION = YES;
				CLANG_WARN_COMMA = YES;
				CLANG_WARN_CONSTANT_CONVERSION = YES;
				CLANG_WARN_DEPRECATED_OBJC_IMPLEMENTATIONS = YES;
				CLANG_WARN_DIRECT_OBJC_ISA_USAGE = YES_ERROR;
				CLANG_WARN_DOCUMENTATION_COMMENTS = YES;
				CLANG_WARN_EMPTY_BODY = YES;
				CLANG_WARN_ENUM_CONVERSION = YES;
				CLANG_WARN_INFINITE_RECURSION = YES;
				CLANG_WARN_INT_CONVERSION = YES;
				CLANG_WARN_NON_LITERAL_NULL_CONVERSION = YES;
				CLANG_WARN_OBJC_IMPLICIT_RETAIN_SELF = YES;
				CLANG_WARN_OBJC_LITERAL_CONVERSION = YES;
				CLANG_WARN_OBJC_ROOT_CLASS = YES_ERROR;
				CLANG_WARN_QUOTED_INCLUDE_IN_FRAMEWORK_HEADER = YES;
				CLANG_WARN_RANGE_LOOP_ANALYSIS = YES;
				CLANG_WARN_STRICT_PROTOTYPES = YES;
				CLANG_WARN_SUSPICIOUS_MOVE = YES;
				CLANG_WARN_UNGUARDED_AVAILABILITY = YES_AGGRESSIVE;
				CLANG_WARN_UNREACHABLE_CODE = YES;
				CLANG_WARN__DUPLICATE_METHOD_MATCH = YES;
				COPY_PHASE_STRIP = NO;
				DEBUG_INFORMATION_FORMAT = "dwarf-with-dsym";
				ENABLE_NS_ASSERTIONS = NO;
				ENABLE_STRICT_OBJC_MSGSEND = YES;
				GCC_C_LANGUAGE_STANDARD = gnu11;
				GCC_NO_COMMON_BLOCKS = YES;
				GCC_WARN_64_TO_32_BIT_CONVERSION = YES;
				GCC_WARN_ABOUT_RETURN_TYPE = YES_ERROR;
				GCC_WARN_UNDECLARED_SELECTOR = YES;
				GCC_WARN_UNINITIALIZED_AUTOS = YES_AGGRESSIVE;
				GCC_WARN_UNUSED_FUNCTION = YES;
				GCC_WARN_UNUSED_VARIABLE = YES;
				IPHONEOS_DEPLOYMENT_TARGET = 15.5;
				MTL_ENABLE_DEBUG_INFO = NO;
				MTL_FAST_MATH = YES;
				SDKROOT = iphoneos;
				SWIFT_COMPILATION_MODE = wholemodule;
				SWIFT_OPTIMIZATION_LEVEL = "-O";
				VALIDATE_PRODUCT = YES;
			};
			name = Release;
		};
		48FE32AC2874F6BE004B724E /* Debug */ = {
			isa = XCBuildConfiguration;
			buildSettings = {
				ASSETCATALOG_COMPILER_APPICON_NAME = AppIcon;
				ASSETCATALOG_COMPILER_GLOBAL_ACCENT_COLOR_NAME = AccentColor;
				CODE_SIGN_STYLE = Automatic;
				CURRENT_PROJECT_VERSION = 1;
				GENERATE_INFOPLIST_FILE = YES;
				INFOPLIST_FILE = LoginWithFirebaseApp/Info.plist;
				INFOPLIST_KEY_UIApplicationSupportsIndirectInputEvents = YES;
				INFOPLIST_KEY_UILaunchStoryboardName = LaunchScreen;
				INFOPLIST_KEY_UIMainStoryboardFile = Main;
				INFOPLIST_KEY_UISupportedInterfaceOrientations_iPad = "UIInterfaceOrientationPortrait UIInterfaceOrientationPortraitUpsideDown UIInterfaceOrientationLandscapeLeft UIInterfaceOrientationLandscapeRight";
				INFOPLIST_KEY_UISupportedInterfaceOrientations_iPhone = "UIInterfaceOrientationPortrait UIInterfaceOrientationLandscapeLeft UIInterfaceOrientationLandscapeRight";
				LD_RUNPATH_SEARCH_PATHS = (
					"$(inherited)",
					"@executable_path/Frameworks",
				);
				MARKETING_VERSION = 1.0;
				PRODUCT_BUNDLE_IDENTIFIER = com.hirorosoft.LoginWithFirebaseApp;
				PRODUCT_NAME = "$(TARGET_NAME)";
				SWIFT_EMIT_LOC_STRINGS = YES;
				SWIFT_VERSION = 5.0;
				TARGETED_DEVICE_FAMILY = "1,2";
			};
			name = Debug;
		};
		48FE32AD2874F6BE004B724E /* Release */ = {
			isa = XCBuildConfiguration;
			buildSettings = {
				ASSETCATALOG_COMPILER_APPICON_NAME = AppIcon;
				ASSETCATALOG_COMPILER_GLOBAL_ACCENT_COLOR_NAME = AccentColor;
				CODE_SIGN_STYLE = Automatic;
				CURRENT_PROJECT_VERSION = 1;
				GENERATE_INFOPLIST_FILE = YES;
				INFOPLIST_FILE = LoginWithFirebaseApp/Info.plist;
				INFOPLIST_KEY_UIApplicationSupportsIndirectInputEvents = YES;
				INFOPLIST_KEY_UILaunchStoryboardName = LaunchScreen;
				INFOPLIST_KEY_UIMainStoryboardFile = Main;
				INFOPLIST_KEY_UISupportedInterfaceOrientations_iPad = "UIInterfaceOrientationPortrait UIInterfaceOrientationPortraitUpsideDown UIInterfaceOrientationLandscapeLeft UIInterfaceOrientationLandscapeRight";
				INFOPLIST_KEY_UISupportedInterfaceOrientations_iPhone = "UIInterfaceOrientationPortrait UIInterfaceOrientationLandscapeLeft UIInterfaceOrientationLandscapeRight";
				LD_RUNPATH_SEARCH_PATHS = (
					"$(inherited)",
					"@executable_path/Frameworks",
				);
				MARKETING_VERSION = 1.0;
				PRODUCT_BUNDLE_IDENTIFIER = com.hirorosoft.LoginWithFirebaseApp;
				PRODUCT_NAME = "$(TARGET_NAME)";
				SWIFT_EMIT_LOC_STRINGS = YES;
				SWIFT_VERSION = 5.0;
				TARGETED_DEVICE_FAMILY = "1,2";
			};
			name = Release;
		};
/* End XCBuildConfiguration section */

/* Begin XCConfigurationList section */
		48FE32922874F6BB004B724E /* Build configuration list for PBXProject "LoginWithFirebaseApp" */ = {
			isa = XCConfigurationList;
			buildConfigurations = (
				48FE32A92874F6BE004B724E /* Debug */,
				48FE32AA2874F6BE004B724E /* Release */,
			);
			defaultConfigurationIsVisible = 0;
			defaultConfigurationName = Release;
		};
		48FE32AB2874F6BE004B724E /* Build configuration list for PBXNativeTarget "LoginWithFirebaseApp" */ = {
			isa = XCConfigurationList;
			buildConfigurations = (
				48FE32AC2874F6BE004B724E /* Debug */,
				48FE32AD2874F6BE004B724E /* Release */,
			);
			defaultConfigurationIsVisible = 0;
			defaultConfigurationName = Release;
		};
/* End XCConfigurationList section */

/* Begin XCRemoteSwiftPackageReference section */
		4817A9DD2875A828009766E7 /* XCRemoteSwiftPackageReference "firebase-ios-sdk" */ = {
			isa = XCRemoteSwiftPackageReference;
			repositoryURL = "https://github.com/firebase/firebase-ios-sdk";
			requirement = {
				kind = upToNextMajorVersion;
				minimumVersion = 9.0.0;
			};
		};
		4817A9E02875ADCD009766E7 /* XCRemoteSwiftPackageReference "firebase-ios-sdk" */ = {
			isa = XCRemoteSwiftPackageReference;
			repositoryURL = "https://github.com/firebase/firebase-ios-sdk";
			requirement = {
				kind = upToNextMajorVersion;
				minimumVersion = 9.0.0;
			};
		};
		4817A9E32875AE38009766E7 /* XCRemoteSwiftPackageReference "firebase-ios-sdk" */ = {
			isa = XCRemoteSwiftPackageReference;
			repositoryURL = "https://github.com/firebase/firebase-ios-sdk";
			requirement = {
				branch = master;
				kind = branch;
			};
		};
/* End XCRemoteSwiftPackageReference section */

/* Begin XCSwiftPackageProductDependency section */
		4817A9DE2875A828009766E7 /* FirebaseAnalytics */ = {
			isa = XCSwiftPackageProductDependency;
			package = 4817A9DD2875A828009766E7 /* XCRemoteSwiftPackageReference "firebase-ios-sdk" */;
			productName = FirebaseAnalytics;
		};
		4817A9E12875ADCD009766E7 /* FirebaseAuth */ = {
			isa = XCSwiftPackageProductDependency;
			package = 4817A9DD2875A828009766E7 /* XCRemoteSwiftPackageReference "firebase-ios-sdk" */;
			productName = FirebaseAuth;
		};
		4817A9E42875AE38009766E7 /* FirebaseFirestore */ = {
			isa = XCSwiftPackageProductDependency;
			package = 4817A9E32875AE38009766E7 /* XCRemoteSwiftPackageReference "firebase-ios-sdk" */;
			productName = FirebaseFirestore;
		};
/* End XCSwiftPackageProductDependency section */
	};
	rootObject = 48FE328F2874F6BB004B724E /* Project object */;
}
